// !$*UTF8*$!
{
	archiveVersion = 1;
	classes = {
	};
	objectVersion = 48;
	objects = {

/* Begin PBXBuildFile section */
		77CB3C1D1F976BE400FFADE3 /* AppDelegate.m in Sources */ = {isa = PBXBuildFile; fileRef = 77CB3C1C1F976BE400FFADE3 /* AppDelegate.m */; };
		77CB3C201F976BE400FFADE3 /* ViewController.m in Sources */ = {isa = PBXBuildFile; fileRef = 77CB3C1F1F976BE400FFADE3 /* ViewController.m */; };
		77CB3C231F976BE400FFADE3 /* Main.storyboard in Resources */ = {isa = PBXBuildFile; fileRef = 77CB3C211F976BE400FFADE3 /* Main.storyboard */; };
		77CB3C251F976BE400FFADE3 /* Assets.xcassets in Resources */ = {isa = PBXBuildFile; fileRef = 77CB3C241F976BE400FFADE3 /* Assets.xcassets */; };
		77CB3C281F976BE400FFADE3 /* LaunchScreen.storyboard in Resources */ = {isa = PBXBuildFile; fileRef = 77CB3C261F976BE400FFADE3 /* LaunchScreen.storyboard */; };
		77CB3C2B1F976BE400FFADE3 /* main.m in Sources */ = {isa = PBXBuildFile; fileRef = 77CB3C2A1F976BE400FFADE3 /* main.m */; };
		77CB3C351F976BE400FFADE3 /* GitPushLocalDemoTests.m in Sources */ = {isa = PBXBuildFile; fileRef = 77CB3C341F976BE400FFADE3 /* GitPushLocalDemoTests.m */; };
		77CB3C401F976BE400FFADE3 /* GitPushLocalDemoUITests.m in Sources */ = {isa = PBXBuildFile; fileRef = 77CB3C3F1F976BE400FFADE3 /* GitPushLocalDemoUITests.m */; };
/* End PBXBuildFile section */

/* Begin PBXContainerItemProxy section */
		77CB3C311F976BE400FFADE3 /* PBXContainerItemProxy */ = {
			isa = PBXContainerItemProxy;
			containerPortal = 77CB3C101F976BE400FFADE3 /* Project object */;
			proxyType = 1;
			remoteGlobalIDString = 77CB3C171F976BE400FFADE3;
			remoteInfo = GitPushLocalDemo;
		};
		77CB3C3C1F976BE400FFADE3 /* PBXContainerItemProxy */ = {
			isa = PBXContainerItemProxy;
			containerPortal = 77CB3C101F976BE400FFADE3 /* Project object */;
			proxyType = 1;
			remoteGlobalIDString = 77CB3C171F976BE400FFADE3;
			remoteInfo = GitPushLocalDemo;
		};
/* End PBXContainerItemProxy section */

/* Begin PBXFileReference section */
		77CB3C181F976BE400FFADE3 /* GitPushLocalDemo.app */ = {isa = PBXFileReference; explicitFileType = wrapper.application; includeInIndex = 0; path = GitPushLocalDemo.app; sourceTree = BUILT_PRODUCTS_DIR; };
		77CB3C1B1F976BE400FFADE3 /* AppDelegate.h */ = {isa = PBXFileReference; lastKnownFileType = sourcecode.c.h; path = AppDelegate.h; sourceTree = "<group>"; };
		77CB3C1C1F976BE400FFADE3 /* AppDelegate.m */ = {isa = PBXFileReference; lastKnownFileType = sourcecode.c.objc; path = AppDelegate.m; sourceTree = "<group>"; };
		77CB3C1E1F976BE400FFADE3 /* ViewController.h */ = {isa = PBXFileReference; lastKnownFileType = sourcecode.c.h; path = ViewController.h; sourceTree = "<group>"; };
		77CB3C1F1F976BE400FFADE3 /* ViewController.m */ = {isa = PBXFileReference; lastKnownFileType = sourcecode.c.objc; path = ViewController.m; sourceTree = "<group>"; };
		77CB3C221F976BE400FFADE3 /* Base */ = {isa = PBXFileReference; lastKnownFileType = file.storyboard; name = Base; path = Base.lproj/Main.storyboard; sourceTree = "<group>"; };
		77CB3C241F976BE400FFADE3 /* Assets.xcassets */ = {isa = PBXFileReference; lastKnownFileType = folder.assetcatalog; path = Assets.xcassets; sourceTree = "<group>"; };
		77CB3C271F976BE400FFADE3 /* Base */ = {isa = PBXFileReference; lastKnownFileType = file.storyboard; name = Base; path = Base.lproj/LaunchScreen.storyboard; sourceTree = "<group>"; };
		77CB3C291F976BE400FFADE3 /* Info.plist */ = {isa = PBXFileReference; lastKnownFileType = text.plist.xml; path = Info.plist; sourceTree = "<group>"; };
		77CB3C2A1F976BE400FFADE3 /* main.m */ = {isa = PBXFileReference; lastKnownFileType = sourcecode.c.objc; path = main.m; sourceTree = "<group>"; };
		77CB3C301F976BE400FFADE3 /* GitPushLocalDemoTests.xctest */ = {isa = PBXFileReference; explicitFileType = wrapper.cfbundle; includeInIndex = 0; path = GitPushLocalDemoTests.xctest; sourceTree = BUILT_PRODUCTS_DIR; };
		77CB3C341F976BE400FFADE3 /* GitPushLocalDemoTests.m */ = {isa = PBXFileReference; lastKnownFileType = sourcecode.c.objc; path = GitPushLocalDemoTests.m; sourceTree = "<group>"; };
		77CB3C361F976BE400FFADE3 /* Info.plist */ = {isa = PBXFileReference; lastKnownFileType = text.plist.xml; path = Info.plist; sourceTree = "<group>"; };
		77CB3C3B1F976BE400FFADE3 /* GitPushLocalDemoUITests.xctest */ = {isa = PBXFileReference; explicitFileType = wrapper.cfbundle; includeInIndex = 0; path = GitPushLocalDemoUITests.xctest; sourceTree = BUILT_PRODUCTS_DIR; };
		77CB3C3F1F976BE400FFADE3 /* GitPushLocalDemoUITests.m */ = {isa = PBXFileReference; lastKnownFileType = sourcecode.c.objc; path = GitPushLocalDemoUITests.m; sourceTree = "<group>"; };
		77CB3C411F976BE400FFADE3 /* Info.plist */ = {isa = PBXFileReference; lastKnownFileType = text.plist.xml; path = Info.plist; sourceTree = "<group>"; };
/* End PBXFileReference section */

/* Begin PBXFrameworksBuildPhase section */
		77CB3C151F976BE400FFADE3 /* Frameworks */ = {
			isa = PBXFrameworksBuildPhase;
			buildActionMask = 2147483647;
			files = (
			);
			runOnlyForDeploymentPostprocessing = 0;
		};
		77CB3C2D1F976BE400FFADE3 /* Frameworks */ = {
			isa = PBXFrameworksBuildPhase;
			buildActionMask = 2147483647;
			files = (
			);
			runOnlyForDeploymentPostprocessing = 0;
		};
		77CB3C381F976BE400FFADE3 /* Frameworks */ = {
			isa = PBXFrameworksBuildPhase;
			buildActionMask = 2147483647;
			files = (
			);
			runOnlyForDeploymentPostprocessing = 0;
		};
/* End PBXFrameworksBuildPhase section */

/* Begin PBXGroup section */
		77CB3C0F1F976BE400FFADE3 = {
			isa = PBXGroup;
			children = (
				77CB3C1A1F976BE400FFADE3 /* GitPushLocalDemo */,
				77CB3C331F976BE400FFADE3 /* GitPushLocalDemoTests */,
				77CB3C3E1F976BE400FFADE3 /* GitPushLocalDemoUITests */,
				77CB3C191F976BE400FFADE3 /* Products */,
			);
			sourceTree = "<group>";
		};
		77CB3C191F976BE400FFADE3 /* Products */ = {
			isa = PBXGroup;
			children = (
				77CB3C181F976BE400FFADE3 /* GitPushLocalDemo.app */,
				77CB3C301F976BE400FFADE3 /* GitPushLocalDemoTests.xctest */,
				77CB3C3B1F976BE400FFADE3 /* GitPushLocalDemoUITests.xctest */,
			);
			name = Products;
			sourceTree = "<group>";
		};
		77CB3C1A1F976BE400FFADE3 /* GitPushLocalDemo */ = {
			isa = PBXGroup;
			children = (
				77CB3C1B1F976BE400FFADE3 /* AppDelegate.h */,
				77CB3C1C1F976BE400FFADE3 /* AppDelegate.m */,
				77CB3C1E1F976BE400FFADE3 /* ViewController.h */,
				77CB3C1F1F976BE400FFADE3 /* ViewController.m */,
				77CB3C211F976BE400FFADE3 /* Main.storyboard */,
				77CB3C241F976BE400FFADE3 /* Assets.xcassets */,
				77CB3C261F976BE400FFADE3 /* LaunchScreen.storyboard */,
				77CB3C291F976BE400FFADE3 /* Info.plist */,
				77CB3C2A1F976BE400FFADE3 /* main.m */,
			);
			path = GitPushLocalDemo;
			sourceTree = "<group>";
		};
		77CB3C331F976BE400FFADE3 /* GitPushLocalDemoTests */ = {
			isa = PBXGroup;
			children = (
				77CB3C341F976BE400FFADE3 /* GitPushLocalDemoTests.m */,
				77CB3C361F976BE400FFADE3 /* Info.plist */,
			);
			path = GitPushLocalDemoTests;
			sourceTree = "<group>";
		};
		77CB3C3E1F976BE400FFADE3 /* GitPushLocalDemoUITests */ = {
			isa = PBXGroup;
			children = (
				77CB3C3F1F976BE400FFADE3 /* GitPushLocalDemoUITests.m */,
				77CB3C411F976BE400FFADE3 /* Info.plist */,
			);
			path = GitPushLocalDemoUITests;
			sourceTree = "<group>";
		};
/* End PBXGroup section */

/* Begin PBXNativeTarget section */
		77CB3C171F976BE400FFADE3 /* GitPushLocalDemo */ = {
			isa = PBXNativeTarget;
			buildConfigurationList = 77CB3C441F976BE400FFADE3 /* Build configuration list for PBXNativeTarget "GitPushLocalDemo" */;
			buildPhases = (
				77CB3C141F976BE400FFADE3 /* Sources */,
				77CB3C151F976BE400FFADE3 /* Frameworks */,
				77CB3C161F976BE400FFADE3 /* Resources */,
			);
			buildRules = (
			);
			dependencies = (
			);
			name = GitPushLocalDemo;
			productName = GitPushLocalDemo;
			productReference = 77CB3C181F976BE400FFADE3 /* GitPushLocalDemo.app */;
			productType = "com.apple.product-type.application";
		};
		77CB3C2F1F976BE400FFADE3 /* GitPushLocalDemoTests */ = {
			isa = PBXNativeTarget;
			buildConfigurationList = 77CB3C471F976BE400FFADE3 /* Build configuration list for PBXNativeTarget "GitPushLocalDemoTests" */;
			buildPhases = (
				77CB3C2C1F976BE400FFADE3 /* Sources */,
				77CB3C2D1F976BE400FFADE3 /* Frameworks */,
				77CB3C2E1F976BE400FFADE3 /* Resources */,
			);
			buildRules = (
			);
			dependencies = (
				77CB3C321F976BE400FFADE3 /* PBXTargetDependency */,
			);
			name = GitPushLocalDemoTests;
			productName = GitPushLocalDemoTests;
			productReference = 77CB3C301F976BE400FFADE3 /* GitPushLocalDemoTests.xctest */;
			productType = "com.apple.product-type.bundle.unit-test";
		};
		77CB3C3A1F976BE400FFADE3 /* GitPushLocalDemoUITests */ = {
			isa = PBXNativeTarget;
			buildConfigurationList = 77CB3C4A1F976BE400FFADE3 /* Build configuration list for PBXNativeTarget "GitPushLocalDemoUITests" */;
			buildPhases = (
				77CB3C371F976BE400FFADE3 /* Sources */,
				77CB3C381F976BE400FFADE3 /* Frameworks */,
				77CB3C391F976BE400FFADE3 /* Resources */,
			);
			buildRules = (
			);
			dependencies = (
				77CB3C3D1F976BE400FFADE3 /* PBXTargetDependency */,
			);
			name = GitPushLocalDemoUITests;
			productName = GitPushLocalDemoUITests;
			productReference = 77CB3C3B1F976BE400FFADE3 /* GitPushLocalDemoUITests.xctest */;
			productType = "com.apple.product-type.bundle.ui-testing";
		};
/* End PBXNativeTarget section */

/* Begin PBXProject section */
		77CB3C101F976BE400FFADE3 /* Project object */ = {
			isa = PBXProject;
			attributes = {
				LastUpgradeCheck = 0900;
				ORGANIZATIONNAME = wangduo03;
				TargetAttributes = {
					77CB3C171F976BE400FFADE3 = {
						CreatedOnToolsVersion = 9.0;
						ProvisioningStyle = Automatic;
					};
					77CB3C2F1F976BE400FFADE3 = {
						CreatedOnToolsVersion = 9.0;
						ProvisioningStyle = Automatic;
						TestTargetID = 77CB3C171F976BE400FFADE3;
					};
					77CB3C3A1F976BE400FFADE3 = {
						CreatedOnToolsVersion = 9.0;
						ProvisioningStyle = Automatic;
						TestTargetID = 77CB3C171F976BE400FFADE3;
					};
				};
			};
			buildConfigurationList = 77CB3C131F976BE400FFADE3 /* Build configuration list for PBXProject "GitPushLocalDemo" */;
			compatibilityVersion = "Xcode 8.0";
			developmentRegion = en;
			hasScannedForEncodings = 0;
			knownRegions = (
				en,
				Base,
			);
			mainGroup = 77CB3C0F1F976BE400FFADE3;
			productRefGroup = 77CB3C191F976BE400FFADE3 /* Products */;
			projectDirPath = "";
			projectRoot = "";
			targets = (
				77CB3C171F976BE400FFADE3 /* GitPushLocalDemo */,
				77CB3C2F1F976BE400FFADE3 /* GitPushLocalDemoTests */,
				77CB3C3A1F976BE400FFADE3 /* GitPushLocalDemoUITests */,
			);
		};
/* End PBXProject section */

/* Begin PBXResourcesBuildPhase section */
		77CB3C161F976BE400FFADE3 /* Resources */ = {
			isa = PBXResourcesBuildPhase;
			buildActionMask = 2147483647;
			files = (
				77CB3C281F976BE400FFADE3 /* LaunchScreen.storyboard in Resources */,
				77CB3C251F976BE400FFADE3 /* Assets.xcassets in Resources */,
				77CB3C231F976BE400FFADE3 /* Main.storyboard in Resources */,
			);
			runOnlyForDeploymentPostprocessing = 0;
		};
		77CB3C2E1F976BE400FFADE3 /* Resources */ = {
			isa = PBXResourcesBuildPhase;
			buildActionMask = 2147483647;
			files = (
			);
			runOnlyForDeploymentPostprocessing = 0;
		};
		77CB3C391F976BE400FFADE3 /* Resources */ = {
			isa = PBXResourcesBuildPhase;
			buildActionMask = 2147483647;
			files = (
			);
			runOnlyForDeploymentPostprocessing = 0;
		};
/* End PBXResourcesBuildPhase section */

/* Begin PBXSourcesBuildPhase section */
		77CB3C141F976BE400FFADE3 /* Sources */ = {
			isa = PBXSourcesBuildPhase;
			buildActionMask = 2147483647;
			files = (
				77CB3C201F976BE400FFADE3 /* ViewController.m in Sources */,
				77CB3C2B1F976BE400FFADE3 /* main.m in Sources */,
				77CB3C1D1F976BE400FFADE3 /* AppDelegate.m in Sources */,
			);
			runOnlyForDeploymentPostprocessing = 0;
		};
		77CB3C2C1F976BE400FFADE3 /* Sources */ = {
			isa = PBXSourcesBuildPhase;
			buildActionMask = 2147483647;
			files = (
				77CB3C351F976BE400FFADE3 /* GitPushLocalDemoTests.m in Sources */,
			);
			runOnlyForDeploymentPostprocessing = 0;
		};
		77CB3C371F976BE400FFADE3 /* Sources */ = {
			isa = PBXSourcesBuildPhase;
			buildActionMask = 2147483647;
			files = (
				77CB3C401F976BE400FFADE3 /* GitPushLocalDemoUITests.m in Sources */,
			);
			runOnlyForDeploymentPostprocessing = 0;
		};
/* End PBXSourcesBuildPhase section */

/* Begin PBXTargetDependency section */
		77CB3C321F976BE400FFADE3 /* PBXTargetDependency */ = {
			isa = PBXTargetDependency;
			target = 77CB3C171F976BE400FFADE3 /* GitPushLocalDemo */;
			targetProxy = 77CB3C311F976BE400FFADE3 /* PBXContainerItemProxy */;
		};
		77CB3C3D1F976BE400FFADE3 /* PBXTargetDependency */ = {
			isa = PBXTargetDependency;
			target = 77CB3C171F976BE400FFADE3 /* GitPushLocalDemo */;
			targetProxy = 77CB3C3C1F976BE400FFADE3 /* PBXContainerItemProxy */;
		};
/* End PBXTargetDependency section */

/* Begin PBXVariantGroup section */
		77CB3C211F976BE400FFADE3 /* Main.storyboard */ = {
			isa = PBXVariantGroup;
			children = (
				77CB3C221F976BE400FFADE3 /* Base */,
			);
			name = Main.storyboard;
			sourceTree = "<group>";
		};
		77CB3C261F976BE400FFADE3 /* LaunchScreen.storyboard */ = {
			isa = PBXVariantGroup;
			children = (
				77CB3C271F976BE400FFADE3 /* Base */,
			);
			name = LaunchScreen.storyboard;
			sourceTree = "<group>";
		};
/* End PBXVariantGroup section */

/* Begin XCBuildConfiguration section */
		77CB3C421F976BE400FFADE3 /* Debug */ = {
			isa = XCBuildConfiguration;
			buildSettings = {
				ALWAYS_SEARCH_USER_PATHS = NO;
				CLANG_ANALYZER_NONNULL = YES;
				CLANG_ANALYZER_NUMBER_OBJECT_CONVERSION = YES_AGGRESSIVE;
				CLANG_CXX_LANGUAGE_STANDARD = "gnu++14";
				CLANG_CXX_LIBRARY = "libc++";
				CLANG_ENABLE_MODULES = YES;
				CLANG_ENABLE_OBJC_ARC = YES;
				CLANG_WARN_BLOCK_CAPTURE_AUTORELEASING = YES;
				CLANG_WARN_BOOL_CONVERSION = YES;
				CLANG_WARN_COMMA = YES;
				CLANG_WARN_CONSTANT_CONVERSION = YES;
				CLANG_WARN_DIRECT_OBJC_ISA_USAGE = YES_ERROR;
				CLANG_WARN_DOCUMENTATION_COMMENTS = YES;
				CLANG_WARN_EMPTY_BODY = YES;
				CLANG_WARN_ENUM_CONVERSION = YES;
				CLANG_WARN_INFINITE_RECURSION = YES;
				CLANG_WARN_INT_CONVERSION = YES;
				CLANG_WARN_NON_LITERAL_NULL_CONVERSION = YES;
				CLANG_WARN_OBJC_LITERAL_CONVERSION = YES;
				CLANG_WARN_OBJC_ROOT_CLASS = YES_ERROR;
				CLANG_WARN_RANGE_LOOP_ANALYSIS = YES;
				CLANG_WARN_STRICT_PROTOTYPES = YES;
				CLANG_WARN_SUSPICIOUS_MOVE = YES;
				CLANG_WARN_UNGUARDED_AVAILABILITY = YES_AGGRESSIVE;
				CLANG_WARN_UNREACHABLE_CODE = YES;
				CLANG_WARN__DUPLICATE_METHOD_MATCH = YES;
				CODE_SIGN_IDENTITY = "iPhone Developer";
				COPY_PHASE_STRIP = NO;
				DEBUG_INFORMATION_FORMAT = dwarf;
				ENABLE_STRICT_OBJC_MSGSEND = YES;
				ENABLE_TESTABILITY = YES;
				GCC_C_LANGUAGE_STANDARD = gnu11;
				GCC_DYNAMIC_NO_PIC = NO;
				GCC_NO_COMMON_BLOCKS = YES;
				GCC_OPTIMIZATION_LEVEL = 0;
				GCC_PREPROCESSOR_DEFINITIONS = (
					"DEBUG=1",
					"$(inherited)",
				);
				GCC_WARN_64_TO_32_BIT_CONVERSION = YES;
				GCC_WARN_ABOUT_RETURN_TYPE = YES_ERROR;
				GCC_WARN_UNDECLARED_SELECTOR = YES;
				GCC_WARN_UNINITIALIZED_AUTOS = YES_AGGRESSIVE;
				GCC_WARN_UNUSED_FUNCTION = YES;
				GCC_WARN_UNUSED_VARIABLE = YES;
				IPHONEOS_DEPLOYMENT_TARGET = 11.0;
				MTL_ENABLE_DEBUG_INFO = YES;
				ONLY_ACTIVE_ARCH = YES;
				SDKROOT = iphoneos;
			};
			name = Debug;
		};
		77CB3C431F976BE400FFADE3 /* Release */ = {
			isa = XCBuildConfiguration;
			buildSettings = {
				ALWAYS_SEARCH_USER_PATHS = NO;
				CLANG_ANALYZER_NONNULL = YES;
				CLANG_ANALYZER_NUMBER_OBJECT_CONVERSION = YES_AGGRESSIVE;
				CLANG_CXX_LANGUAGE_STANDARD = "gnu++14";
				CLANG_CXX_LIBRARY = "libc++";
				CLANG_ENABLE_MODULES = YES;
				CLANG_ENABLE_OBJC_ARC = YES;
				CLANG_WARN_BLOCK_CAPTURE_AUTORELEASING = YES;
				CLANG_WARN_BOOL_CONVERSION = YES;
				CLANG_WARN_COMMA = YES;
				CLANG_WARN_CONSTANT_CONVERSION = YES;
				CLANG_WARN_DIRECT_OBJC_ISA_USAGE = YES_ERROR;
				CLANG_WARN_DOCUMENTATION_COMMENTS = YES;
				CLANG_WARN_EMPTY_BODY = YES;
				CLANG_WARN_ENUM_CONVERSION = YES;
				CLANG_WARN_INFINITE_RECURSION = YES;
				CLANG_WARN_INT_CONVERSION = YES;
				CLANG_WARN_NON_LITERAL_NULL_CONVERSION = YES;
				CLANG_WARN_OBJC_LITERAL_CONVERSION = YES;
				CLANG_WARN_OBJC_ROOT_CLASS = YES_ERROR;
				CLANG_WARN_RANGE_LOOP_ANALYSIS = YES;
				CLANG_WARN_STRICT_PROTOTYPES = YES;
				CLANG_WARN_SUSPICIOUS_MOVE = YES;
				CLANG_WARN_UNGUARDED_AVAILABILITY = YES_AGGRESSIVE;
				CLANG_WARN_UNREACHABLE_CODE = YES;
				CLANG_WARN__DUPLICATE_METHOD_MATCH = YES;
				CODE_SIGN_IDENTITY = "iPhone Developer";
				COPY_PHASE_STRIP = NO;
				DEBUG_INFORMATION_FORMAT = "dwarf-with-dsym";
				ENABLE_NS_ASSERTIONS = NO;
				ENABLE_STRICT_OBJC_MSGSEND = YES;
				GCC_C_LANGUAGE_STANDARD = gnu11;
				GCC_NO_COMMON_BLOCKS = YES;
				GCC_WARN_64_TO_32_BIT_CONVERSION = YES;
				GCC_WARN_ABOUT_RETURN_TYPE = YES_ERROR;
				GCC_WARN_UNDECLARED_SELECTOR = YES;
				GCC_WARN_UNINITIALIZED_AUTOS = YES_AGGRESSIVE;
				GCC_WARN_UNUSED_FUNCTION = YES;
				GCC_WARN_UNUSED_VARIABLE = YES;
				IPHONEOS_DEPLOYMENT_TARGET = 11.0;
				MTL_ENABLE_DEBUG_INFO = NO;
				SDKROOT = iphoneos;
				VALIDATE_PRODUCT = YES;
			};
			name = Release;
		};
		77CB3C451F976BE400FFADE3 /* Debug */ = {
			isa = XCBuildConfiguration;
			buildSettings = {
				ASSETCATALOG_COMPILER_APPICON_NAME = AppIcon;
				CODE_SIGN_STYLE = Automatic;
				INFOPLIST_FILE = GitPushLocalDemo/Info.plist;
				LD_RUNPATH_SEARCH_PATHS = "$(inherited) @executable_path/Frameworks";
				PRODUCT_BUNDLE_IDENTIFIER = com.testIdentifier.GitPushLocalDemo;
				PRODUCT_NAME = "$(TARGET_NAME)";
				TARGETED_DEVICE_FAMILY = "1,2";
			};
			name = Debug;
		};
		77CB3C461F976BE400FFADE3 /* Release */ = {
			isa = XCBuildConfiguration;
			buildSettings = {
				ASSETCATALOG_COMPILER_APPICON_NAME = AppIcon;
				CODE_SIGN_STYLE = Automatic;
				INFOPLIST_FILE = GitPushLocalDemo/Info.plist;
				LD_RUNPATH_SEARCH_PATHS = "$(inherited) @executable_path/Frameworks";
				PRODUCT_BUNDLE_IDENTIFIER = com.testIdentifier.GitPushLocalDemo;
				PRODUCT_NAME = "$(TARGET_NAME)";
				TARGETED_DEVICE_FAMILY = "1,2";
			};
			name = Release;
		};
		77CB3C481F976BE400FFADE3 /* Debug */ = {
			isa = XCBuildConfiguration;
			buildSettings = {
				BUNDLE_LOADER = "$(TEST_HOST)";
				CODE_SIGN_STYLE = Automatic;
				INFOPLIST_FILE = GitPushLocalDemoTests/Info.plist;
				LD_RUNPATH_SEARCH_PATHS = "$(inherited) @executable_path/Frameworks @loader_path/Frameworks";
				PRODUCT_BUNDLE_IDENTIFIER = com.testIdentifier.GitPushLocalDemoTests;
				PRODUCT_NAME = "$(TARGET_NAME)";
				TARGETED_DEVICE_FAMILY = "1,2";
				TEST_HOST = "$(BUILT_PRODUCTS_DIR)/GitPushLocalDemo.app/GitPushLocalDemo";
			};
			name = Debug;
		};
		77CB3C491F976BE400FFADE3 /* Release */ = {
			isa = XCBuildConfiguration;
			buildSettings = {
				BUNDLE_LOADER = "$(TEST_HOST)";
				CODE_SIGN_STYLE = Automatic;
				INFOPLIST_FILE = GitPushLocalDemoTests/Info.plist;
				LD_RUNPATH_SEARCH_PATHS = "$(inherited) @executable_path/Frameworks @loader_path/Frameworks";
				PRODUCT_BUNDLE_IDENTIFIER = com.testIdentifier.GitPushLocalDemoTests;
				PRODUCT_NAME = "$(TARGET_NAME)";
				TARGETED_DEVICE_FAMILY = "1,2";
				TEST_HOST = "$(BUILT_PRODUCTS_DIR)/GitPushLocalDemo.app/GitPushLocalDemo";
			};
			name = Release;
		};
		77CB3C4B1F976BE400FFADE3 /* Debug */ = {
			isa = XCBuildConfiguration;
			buildSettings = {
				CODE_SIGN_STYLE = Automatic;
				INFOPLIST_FILE = GitPushLocalDemoUITests/Info.plist;
				LD_RUNPATH_SEARCH_PATHS = "$(inherited) @executable_path/Frameworks @loader_path/Frameworks";
				PRODUCT_BUNDLE_IDENTIFIER = com.testIdentifier.GitPushLocalDemoUITests;
				PRODUCT_NAME = "$(TARGET_NAME)";
				TARGETED_DEVICE_FAMILY = "1,2";
				TEST_TARGET_NAME = GitPushLocalDemo;
			};
			name = Debug;
		};
		77CB3C4C1F976BE400FFADE3 /* Release */ = {
			isa = XCBuildConfiguration;
			buildSettings = {
				CODE_SIGN_STYLE = Automatic;
				INFOPLIST_FILE = GitPushLocalDemoUITests/Info.plist;
				LD_RUNPATH_SEARCH_PATHS = "$(inherited) @executable_path/Frameworks @loader_path/Frameworks";
				PRODUCT_BUNDLE_IDENTIFIER = com.testIdentifier.GitPushLocalDemoUITests;
				PRODUCT_NAME = "$(TARGET_NAME)";
				TARGETED_DEVICE_FAMILY = "1,2";
				TEST_TARGET_NAME = GitPushLocalDemo;
			};
			name = Release;
		};
/* End XCBuildConfiguration section */

/* Begin XCConfigurationList section */
		77CB3C131F976BE400FFADE3 /* Build configuration list for PBXProject "GitPushLocalDemo" */ = {
			isa = XCConfigurationList;
			buildConfigurations = (
				77CB3C421F976BE400FFADE3 /* Debug */,
				77CB3C431F976BE400FFADE3 /* Release */,
			);
			defaultConfigurationIsVisible = 0;
			defaultConfigurationName = Release;
		};
		77CB3C441F976BE400FFADE3 /* Build configuration list for PBXNativeTarget "GitPushLocalDemo" */ = {
			isa = XCConfigurationList;
			buildConfigurations = (
				77CB3C451F976BE400FFADE3 /* Debug */,
				77CB3C461F976BE400FFADE3 /* Release */,
			);
			defaultConfigurationIsVisible = 0;
			defaultConfigurationName = Release;
		};
		77CB3C471F976BE400FFADE3 /* Build configuration list for PBXNativeTarget "GitPushLocalDemoTests" */ = {
			isa = XCConfigurationList;
			buildConfigurations = (
				77CB3C481F976BE400FFADE3 /* Debug */,
				77CB3C491F976BE400FFADE3 /* Release */,
			);
			defaultConfigurationIsVisible = 0;
			defaultConfigurationName = Release;
		};
		77CB3C4A1F976BE400FFADE3 /* Build configuration list for PBXNativeTarget "GitPushLocalDemoUITests" */ = {
			isa = XCConfigurationList;
			buildConfigurations = (
				77CB3C4B1F976BE400FFADE3 /* Debug */,
				77CB3C4C1F976BE400FFADE3 /* Release */,
			);
			defaultConfigurationIsVisible = 0;
			defaultConfigurationName = Release;
		};
/* End XCConfigurationList section */
	};
	rootObject = 77CB3C101F976BE400FFADE3 /* Project object */;
}
